
Microsoft Visual Studio Solution File, Format Version 12.00
# Visual Studio Version 17
VisualStudioVersion = 17.10.35004.147
MinimumVisualStudioVersion = 10.0.40219.1
Project("{FAE04EC0-301F-11D3-BF4B-00C04F79EFBC}") = "StokTakip", "StokTakip\StokTakip.csproj", "{395F9A5C-FB45-4632-BCB6-2A0129AD5781}"
EndProject
Global
	GlobalSection(SolutionConfigurationPlatforms) = preSolution
		Debug|Any CPU = Debug|Any CPU
		Release|Any CPU = Release|Any CPU
	EndGlobalSection
	GlobalSection(ProjectConfigurationPlatforms) = postSolution
		{395F9A5C-FB45-4632-BCB6-2A0129AD5781}.Debug|Any CPU.ActiveCfg = Debug|Any CPU
		{395F9A5C-FB45-4632-BCB6-2A0129AD5781}.Debug|Any CPU.Build.0 = Debug|Any CPU
		{395F9A5C-FB45-4632-BCB6-2A0129AD5781}.Release|Any CPU.ActiveCfg = Release|Any CPU
		{395F9A5C-FB45-4632-BCB6-2A0129AD5781}.Release|Any CPU.Build.0 = Release|Any CPU
	EndGlobalSection
	GlobalSection(SolutionProperties) = preSolution
		HideSolutionNode = FALSE
	EndGlobalSection
	GlobalSection(ExtensibilityGlobals) = postSolution
		SolutionGuid = {6C352610-F907-4C61-91EF-D11C16A99594}
	EndGlobalSection
EndGlobal
